
Microsoft Visual Studio Solution File, Format Version 12.00
# Visual Studio 15
Project("{FAE04EC0-301F-11D3-BF4B-00C04F79EFBC}") = "WebSQlite", "WebSQlite.csproj", "{FD285101-6D58-4E7B-A454-CE343B9C57AE}"
EndProject
Global
	GlobalSection(SolutionConfigurationPlatforms) = preSolution
		Debug|Any CPU = Debug|Any CPU
		Release|Any CPU = Release|Any CPU
	EndGlobalSection
	GlobalSection(ProjectConfigurationPlatforms) = postSolution
		{FD285101-6D58-4E7B-A454-CE343B9C57AE}.Debug|Any CPU.ActiveCfg = Debug|Any CPU
		{FD285101-6D58-4E7B-A454-CE343B9C57AE}.Debug|Any CPU.Build.0 = Debug|Any CPU
		{FD285101-6D58-4E7B-A454-CE343B9C57AE}.Release|Any CPU.ActiveCfg = Release|Any CPU
		{FD285101-6D58-4E7B-A454-CE343B9C57AE}.Release|Any CPU.Build.0 = Release|Any CPU
	EndGlobalSection
EndGlobal
